
Microsoft Visual Studio Solution File, Format Version 12.00
# Visual Studio Version 17
VisualStudioVersion = 17.3.32929.385
MinimumVisualStudioVersion = 10.0.40219.1
Project("{FAE04EC0-301F-11D3-BF4B-00C04F79EFBC}") = "GaShaApp", "GaShaApp\GaShaApp.csproj", "{59A82562-29A1-4C01-80A4-09729217D059}"
EndProject
Project("{FAE04EC0-301F-11D3-BF4B-00C04F79EFBC}") = "GaShaApp2", "GaShaApp2\GaShaApp2.csproj", "{6D03BB1F-C9E2-4F66-9F65-0AA374A7C2AD}"
EndProject
Global
	GlobalSection(SolutionConfigurationPlatforms) = preSolution
		Debug|Any CPU = Debug|Any CPU
		Release|Any CPU = Release|Any CPU
	EndGlobalSection
	GlobalSection(ProjectConfigurationPlatforms) = postSolution
		{59A82562-29A1-4C01-80A4-09729217D059}.Debug|Any CPU.ActiveCfg = Debug|Any CPU
		{59A82562-29A1-4C01-80A4-09729217D059}.Debug|Any CPU.Build.0 = Debug|Any CPU
		{59A82562-29A1-4C01-80A4-09729217D059}.Release|Any CPU.ActiveCfg = Release|Any CPU
		{59A82562-29A1-4C01-80A4-09729217D059}.Release|Any CPU.Build.0 = Release|Any CPU
		{6D03BB1F-C9E2-4F66-9F65-0AA374A7C2AD}.Debug|Any CPU.ActiveCfg = Debug|Any CPU
		{6D03BB1F-C9E2-4F66-9F65-0AA374A7C2AD}.Debug|Any CPU.Build.0 = Debug|Any CPU
		{6D03BB1F-C9E2-4F66-9F65-0AA374A7C2AD}.Release|Any CPU.ActiveCfg = Release|Any CPU
		{6D03BB1F-C9E2-4F66-9F65-0AA374A7C2AD}.Release|Any CPU.Build.0 = Release|Any CPU
	EndGlobalSection
	GlobalSection(SolutionProperties) = preSolution
		HideSolutionNode = FALSE
	EndGlobalSection
	GlobalSection(ExtensibilityGlobals) = postSolution
		SolutionGuid = {96B4EA89-B6A5-4ECA-9FC8-C11E1943D5D0}
	EndGlobalSection
EndGlobal
